
Microsoft Visual Studio Solution File, Format Version 12.00
# Visual Studio Version 17
VisualStudioVersion = 17.5.33516.290
MinimumVisualStudioVersion = 10.0.40219.1
Project("{FAE04EC0-301F-11D3-BF4B-00C04F79EFBC}") = "ConsoleApp", "ConsoleApp\ConsoleApp.csproj", "{73CA0153-B152-4485-833E-CAAF035CBFC9}"
EndProject
Project("{FAE04EC0-301F-11D3-BF4B-00C04F79EFBC}") = "ArrayDemo2", "ArrayDemo2\ArrayDemo2.csproj", "{559DD4BD-6184-439E-8A55-FCB8E0DC1474}"
EndProject
Project("{FAE04EC0-301F-11D3-BF4B-00C04F79EFBC}") = "MultiArrayApp", "MultiArrayApp\MultiArrayApp.csproj", "{1F03F68E-0E43-4918-AC8D-C6A43B01EA58}"
EndProject
Project("{FAE04EC0-301F-11D3-BF4B-00C04F79EFBC}") = "MultiArrayApp2", "MultiArrayApp2\MultiArrayApp2.csproj", "{BDFAC9EA-6636-47C4-AC44-70DAE7B12492}"
EndProject
Project("{FAE04EC0-301F-11D3-BF4B-00C04F79EFBC}") = "SwitchCaseTest", "SwitchCaseTest\SwitchCaseTest.csproj", "{6B67B200-7246-4CD3-8CAE-79CEFCA9FB73}"
EndProject
Project("{FAE04EC0-301F-11D3-BF4B-00C04F79EFBC}") = "ShoppingCostApp", "ShoppingCostApp\ShoppingCostApp.csproj", "{BFE10943-6F2B-4CB9-87FA-750CBA4916E1}"
EndProject
Project("{FAE04EC0-301F-11D3-BF4B-00C04F79EFBC}") = "MethodTest", "MethodTest\MethodTest.csproj", "{DCCD0934-CB81-4CA1-A9AE-6EB78BD0507B}"
EndProject
Project("{FAE04EC0-301F-11D3-BF4B-00C04F79EFBC}") = "MethodTest2", "MethodTest2\MethodTest2.csproj", "{80A0FED7-1BA1-4D94-8833-F2576D45DD87}"
EndProject
Project("{FAE04EC0-301F-11D3-BF4B-00C04F79EFBC}") = "GuessGame", "GuessGame\GuessGame.csproj", "{848E67E8-3260-4EDA-AE5F-D7A361F3BA55}"
EndProject
Project("{FAE04EC0-301F-11D3-BF4B-00C04F79EFBC}") = "TryCatchTest", "TryCatchTest\TryCatchTest.csproj", "{BEBD7C8F-7B03-4E4E-B1BC-391B3746EFD9}"
EndProject
Project("{FAE04EC0-301F-11D3-BF4B-00C04F79EFBC}") = "ThrowTest", "ThrowTest\ThrowTest.csproj", "{BBA96ED6-E671-45CB-8517-2FA4A801D829}"
EndProject
Project("{FAE04EC0-301F-11D3-BF4B-00C04F79EFBC}") = "ElectionApp", "ElectionApp\ElectionApp.csproj", "{18C44039-5BBF-4E2D-A071-42A213D4579A}"
EndProject
Project("{FAE04EC0-301F-11D3-BF4B-00C04F79EFBC}") = "FIndVowelConstant", "FIndVowelConstant\FIndVowelConstant.csproj", "{B214262C-DBC7-4434-B432-DF161E3DC02F}"
EndProject
Project("{9A19103F-16F7-4668-BE54-9A1E7A4F7556}") = "OOPDay1", "OOPDay1\OOPDay1.csproj", "{95F9605E-7F5D-4F6F-B346-183B13B2A371}"
EndProject
Project("{FAE04EC0-301F-11D3-BF4B-00C04F79EFBC}") = "OOPTest", "..\OOPTest\OOPTest.csproj", "{96B5E71F-10BE-4640-ACF7-5183AE49C0F4}"
EndProject
Project("{9A19103F-16F7-4668-BE54-9A1E7A4F7556}") = "OOPDay2", "OOPDay2\OOPDay2.csproj", "{9EC9E0DA-1452-421A-AEF6-2D29AA655955}"
EndProject
Project("{9A19103F-16F7-4668-BE54-9A1E7A4F7556}") = "OOPDay3", "OOPDay3\OOPDay3.csproj", "{01A7B792-1A96-4A64-9CA8-D09D57C6B8DA}"
EndProject
Project("{FAE04EC0-301F-11D3-BF4B-00C04F79EFBC}") = "OOPTest2", "OOPTest2\OOPTest2.csproj", "{34F44B78-D14B-4A63-9F56-7EA752E5E410}"
EndProject
Project("{9A19103F-16F7-4668-BE54-9A1E7A4F7556}") = "OOPDay4", "OOPDay4\OOPDay4.csproj", "{21AEB7AC-082D-4705-BF3E-CD23D47C8D8F}"
EndProject
Project("{FAE04EC0-301F-11D3-BF4B-00C04F79EFBC}") = "OOPTest3", "OOPTest3\OOPTest3.csproj", "{25868E22-1398-4E23-98B7-9AF228590063}"
EndProject
Project("{FAE04EC0-301F-11D3-BF4B-00C04F79EFBC}") = "OOPInheritance", "OOPInheritance\OOPInheritance.csproj", "{2F3425D9-68BD-4502-B5D3-BCAC942C372F}"
EndProject
Project("{FAE04EC0-301F-11D3-BF4B-00C04F79EFBC}") = "AbstractionDemo2", "AbstractionDemo2\AbstractionDemo2.csproj", "{7C1F1A48-1C6F-43CE-A81C-55DCBA67C978}"
EndProject
Project("{FAE04EC0-301F-11D3-BF4B-00C04F79EFBC}") = "StackDemo", "StackDemo\StackDemo.csproj", "{56C76E40-3108-4678-B0B6-F5BCC74DED2B}"
EndProject
Project("{FAE04EC0-301F-11D3-BF4B-00C04F79EFBC}") = "AlgorithmPractice", "AlgorithmPractice\AlgorithmPractice.csproj", "{2D45AACA-4B1F-4841-BB39-097652197D74}"
EndProject
Project("{FAE04EC0-301F-11D3-BF4B-00C04F79EFBC}") = "SimpleCRUDProgramWithConsoleApp", "SimpleCRUDProgramWithConsoleApp\SimpleCRUDProgramWithConsoleApp.csproj", "{CD120C71-4F6A-49C1-9D84-03B00BF96ACA}"
EndProject
Project("{FAE04EC0-301F-11D3-BF4B-00C04F79EFBC}") = "HelloDesktop", "HelloDesktop\HelloDesktop.csproj", "{6FE56265-00FC-4F0C-8F90-7A5B6C1DE86E}"
EndProject
Project("{FAE04EC0-301F-11D3-BF4B-00C04F79EFBC}") = "LibraryManagementSystem", "LibraryManagementSystem\LibraryManagementSystem.csproj", "{B4BA9C44-1A8D-4B39-B6C4-4093E53B537E}"
EndProject
Global
	GlobalSection(SolutionConfigurationPlatforms) = preSolution
		Debug|Any CPU = Debug|Any CPU
		Release|Any CPU = Release|Any CPU
	EndGlobalSection
	GlobalSection(ProjectConfigurationPlatforms) = postSolution
		{73CA0153-B152-4485-833E-CAAF035CBFC9}.Debug|Any CPU.ActiveCfg = Debug|Any CPU
		{73CA0153-B152-4485-833E-CAAF035CBFC9}.Debug|Any CPU.Build.0 = Debug|Any CPU
		{73CA0153-B152-4485-833E-CAAF035CBFC9}.Release|Any CPU.ActiveCfg = Release|Any CPU
		{73CA0153-B152-4485-833E-CAAF035CBFC9}.Release|Any CPU.Build.0 = Release|Any CPU
		{559DD4BD-6184-439E-8A55-FCB8E0DC1474}.Debug|Any CPU.ActiveCfg = Debug|Any CPU
		{559DD4BD-6184-439E-8A55-FCB8E0DC1474}.Debug|Any CPU.Build.0 = Debug|Any CPU
		{559DD4BD-6184-439E-8A55-FCB8E0DC1474}.Release|Any CPU.ActiveCfg = Release|Any CPU
		{559DD4BD-6184-439E-8A55-FCB8E0DC1474}.Release|Any CPU.Build.0 = Release|Any CPU
		{1F03F68E-0E43-4918-AC8D-C6A43B01EA58}.Debug|Any CPU.ActiveCfg = Debug|Any CPU
		{1F03F68E-0E43-4918-AC8D-C6A43B01EA58}.Debug|Any CPU.Build.0 = Debug|Any CPU
		{1F03F68E-0E43-4918-AC8D-C6A43B01EA58}.Release|Any CPU.ActiveCfg = Release|Any CPU
		{1F03F68E-0E43-4918-AC8D-C6A43B01EA58}.Release|Any CPU.Build.0 = Release|Any CPU
		{BDFAC9EA-6636-47C4-AC44-70DAE7B12492}.Debug|Any CPU.ActiveCfg = Debug|Any CPU
		{BDFAC9EA-6636-47C4-AC44-70DAE7B12492}.Debug|Any CPU.Build.0 = Debug|Any CPU
		{BDFAC9EA-6636-47C4-AC44-70DAE7B12492}.Release|Any CPU.ActiveCfg = Release|Any CPU
		{BDFAC9EA-6636-47C4-AC44-70DAE7B12492}.Release|Any CPU.Build.0 = Release|Any CPU
		{6B67B200-7246-4CD3-8CAE-79CEFCA9FB73}.Debug|Any CPU.ActiveCfg = Debug|Any CPU
		{6B67B200-7246-4CD3-8CAE-79CEFCA9FB73}.Debug|Any CPU.Build.0 = Debug|Any CPU
		{6B67B200-7246-4CD3-8CAE-79CEFCA9FB73}.Release|Any CPU.ActiveCfg = Release|Any CPU
		{6B67B200-7246-4CD3-8CAE-79CEFCA9FB73}.Release|Any CPU.Build.0 = Release|Any CPU
		{BFE10943-6F2B-4CB9-87FA-750CBA4916E1}.Debug|Any CPU.ActiveCfg = Debug|Any CPU
		{BFE10943-6F2B-4CB9-87FA-750CBA4916E1}.Debug|Any CPU.Build.0 = Debug|Any CPU
		{BFE10943-6F2B-4CB9-87FA-750CBA4916E1}.Release|Any CPU.ActiveCfg = Release|Any CPU
		{BFE10943-6F2B-4CB9-87FA-750CBA4916E1}.Release|Any CPU.Build.0 = Release|Any CPU
		{DCCD0934-CB81-4CA1-A9AE-6EB78BD0507B}.Debug|Any CPU.ActiveCfg = Debug|Any CPU
		{DCCD0934-CB81-4CA1-A9AE-6EB78BD0507B}.Debug|Any CPU.Build.0 = Debug|Any CPU
		{DCCD0934-CB81-4CA1-A9AE-6EB78BD0507B}.Release|Any CPU.ActiveCfg = Release|Any CPU
		{DCCD0934-CB81-4CA1-A9AE-6EB78BD0507B}.Release|Any CPU.Build.0 = Release|Any CPU
		{80A0FED7-1BA1-4D94-8833-F2576D45DD87}.Debug|Any CPU.ActiveCfg = Debug|Any CPU
		{80A0FED7-1BA1-4D94-8833-F2576D45DD87}.Debug|Any CPU.Build.0 = Debug|Any CPU
		{80A0FED7-1BA1-4D94-8833-F2576D45DD87}.Release|Any CPU.ActiveCfg = Release|Any CPU
		{80A0FED7-1BA1-4D94-8833-F2576D45DD87}.Release|Any CPU.Build.0 = Release|Any CPU
		{848E67E8-3260-4EDA-AE5F-D7A361F3BA55}.Debug|Any CPU.ActiveCfg = Debug|Any CPU
		{848E67E8-3260-4EDA-AE5F-D7A361F3BA55}.Debug|Any CPU.Build.0 = Debug|Any CPU
		{848E67E8-3260-4EDA-AE5F-D7A361F3BA55}.Release|Any CPU.ActiveCfg = Release|Any CPU
		{848E67E8-3260-4EDA-AE5F-D7A361F3BA55}.Release|Any CPU.Build.0 = Release|Any CPU
		{BEBD7C8F-7B03-4E4E-B1BC-391B3746EFD9}.Debug|Any CPU.ActiveCfg = Debug|Any CPU
		{BEBD7C8F-7B03-4E4E-B1BC-391B3746EFD9}.Debug|Any CPU.Build.0 = Debug|Any CPU
		{BEBD7C8F-7B03-4E4E-B1BC-391B3746EFD9}.Release|Any CPU.ActiveCfg = Release|Any CPU
		{BEBD7C8F-7B03-4E4E-B1BC-391B3746EFD9}.Release|Any CPU.Build.0 = Release|Any CPU
		{BBA96ED6-E671-45CB-8517-2FA4A801D829}.Debug|Any CPU.ActiveCfg = Debug|Any CPU
		{BBA96ED6-E671-45CB-8517-2FA4A801D829}.Debug|Any CPU.Build.0 = Debug|Any CPU
		{BBA96ED6-E671-45CB-8517-2FA4A801D829}.Release|Any CPU.ActiveCfg = Release|Any CPU
		{BBA96ED6-E671-45CB-8517-2FA4A801D829}.Release|Any CPU.Build.0 = Release|Any CPU
		{18C44039-5BBF-4E2D-A071-42A213D4579A}.Debug|Any CPU.ActiveCfg = Debug|Any CPU
		{18C44039-5BBF-4E2D-A071-42A213D4579A}.Debug|Any CPU.Build.0 = Debug|Any CPU
		{18C44039-5BBF-4E2D-A071-42A213D4579A}.Release|Any CPU.ActiveCfg = Release|Any CPU
		{18C44039-5BBF-4E2D-A071-42A213D4579A}.Release|Any CPU.Build.0 = Release|Any CPU
		{B214262C-DBC7-4434-B432-DF161E3DC02F}.Debug|Any CPU.ActiveCfg = Debug|Any CPU
		{B214262C-DBC7-4434-B432-DF161E3DC02F}.Debug|Any CPU.Build.0 = Debug|Any CPU
		{B214262C-DBC7-4434-B432-DF161E3DC02F}.Release|Any CPU.ActiveCfg = Release|Any CPU
		{B214262C-DBC7-4434-B432-DF161E3DC02F}.Release|Any CPU.Build.0 = Release|Any CPU
		{95F9605E-7F5D-4F6F-B346-183B13B2A371}.Debug|Any CPU.ActiveCfg = Debug|Any CPU
		{95F9605E-7F5D-4F6F-B346-183B13B2A371}.Debug|Any CPU.Build.0 = Debug|Any CPU
		{95F9605E-7F5D-4F6F-B346-183B13B2A371}.Release|Any CPU.ActiveCfg = Release|Any CPU
		{95F9605E-7F5D-4F6F-B346-183B13B2A371}.Release|Any CPU.Build.0 = Release|Any CPU
		{96B5E71F-10BE-4640-ACF7-5183AE49C0F4}.Debug|Any CPU.ActiveCfg = Debug|Any CPU
		{96B5E71F-10BE-4640-ACF7-5183AE49C0F4}.Debug|Any CPU.Build.0 = Debug|Any CPU
		{96B5E71F-10BE-4640-ACF7-5183AE49C0F4}.Release|Any CPU.ActiveCfg = Release|Any CPU
		{96B5E71F-10BE-4640-ACF7-5183AE49C0F4}.Release|Any CPU.Build.0 = Release|Any CPU
		{9EC9E0DA-1452-421A-AEF6-2D29AA655955}.Debug|Any CPU.ActiveCfg = Debug|Any CPU
		{9EC9E0DA-1452-421A-AEF6-2D29AA655955}.Debug|Any CPU.Build.0 = Debug|Any CPU
		{9EC9E0DA-1452-421A-AEF6-2D29AA655955}.Release|Any CPU.ActiveCfg = Release|Any CPU
		{9EC9E0DA-1452-421A-AEF6-2D29AA655955}.Release|Any CPU.Build.0 = Release|Any CPU
		{01A7B792-1A96-4A64-9CA8-D09D57C6B8DA}.Debug|Any CPU.ActiveCfg = Debug|Any CPU
		{01A7B792-1A96-4A64-9CA8-D09D57C6B8DA}.Debug|Any CPU.Build.0 = Debug|Any CPU
		{01A7B792-1A96-4A64-9CA8-D09D57C6B8DA}.Release|Any CPU.ActiveCfg = Release|Any CPU
		{01A7B792-1A96-4A64-9CA8-D09D57C6B8DA}.Release|Any CPU.Build.0 = Release|Any CPU
		{34F44B78-D14B-4A63-9F56-7EA752E5E410}.Debug|Any CPU.ActiveCfg = Debug|Any CPU
		{34F44B78-D14B-4A63-9F56-7EA752E5E410}.Debug|Any CPU.Build.0 = Debug|Any CPU
		{34F44B78-D14B-4A63-9F56-7EA752E5E410}.Release|Any CPU.ActiveCfg = Release|Any CPU
		{34F44B78-D14B-4A63-9F56-7EA752E5E410}.Release|Any CPU.Build.0 = Release|Any CPU
		{21AEB7AC-082D-4705-BF3E-CD23D47C8D8F}.Debug|Any CPU.ActiveCfg = Debug|Any CPU
		{21AEB7AC-082D-4705-BF3E-CD23D47C8D8F}.Debug|Any CPU.Build.0 = Debug|Any CPU
		{21AEB7AC-082D-4705-BF3E-CD23D47C8D8F}.Release|Any CPU.ActiveCfg = Release|Any CPU
		{21AEB7AC-082D-4705-BF3E-CD23D47C8D8F}.Release|Any CPU.Build.0 = Release|Any CPU
		{25868E22-1398-4E23-98B7-9AF228590063}.Debug|Any CPU.ActiveCfg = Debug|Any CPU
		{25868E22-1398-4E23-98B7-9AF228590063}.Debug|Any CPU.Build.0 = Debug|Any CPU
		{25868E22-1398-4E23-98B7-9AF228590063}.Release|Any CPU.ActiveCfg = Release|Any CPU
		{25868E22-1398-4E23-98B7-9AF228590063}.Release|Any CPU.Build.0 = Release|Any CPU
		{2F3425D9-68BD-4502-B5D3-BCAC942C372F}.Debug|Any CPU.ActiveCfg = Debug|Any CPU
		{2F3425D9-68BD-4502-B5D3-BCAC942C372F}.Debug|Any CPU.Build.0 = Debug|Any CPU
		{2F3425D9-68BD-4502-B5D3-BCAC942C372F}.Release|Any CPU.ActiveCfg = Release|Any CPU
		{2F3425D9-68BD-4502-B5D3-BCAC942C372F}.Release|Any CPU.Build.0 = Release|Any CPU
		{7C1F1A48-1C6F-43CE-A81C-55DCBA67C978}.Debug|Any CPU.ActiveCfg = Debug|Any CPU
		{7C1F1A48-1C6F-43CE-A81C-55DCBA67C978}.Debug|Any CPU.Build.0 = Debug|Any CPU
		{7C1F1A48-1C6F-43CE-A81C-55DCBA67C978}.Release|Any CPU.ActiveCfg = Release|Any CPU
		{7C1F1A48-1C6F-43CE-A81C-55DCBA67C978}.Release|Any CPU.Build.0 = Release|Any CPU
		{56C76E40-3108-4678-B0B6-F5BCC74DED2B}.Debug|Any CPU.ActiveCfg = Debug|Any CPU
		{56C76E40-3108-4678-B0B6-F5BCC74DED2B}.Debug|Any CPU.Build.0 = Debug|Any CPU
		{56C76E40-3108-4678-B0B6-F5BCC74DED2B}.Release|Any CPU.ActiveCfg = Release|Any CPU
		{56C76E40-3108-4678-B0B6-F5BCC74DED2B}.Release|Any CPU.Build.0 = Release|Any CPU
		{2D45AACA-4B1F-4841-BB39-097652197D74}.Debug|Any CPU.ActiveCfg = Debug|Any CPU
		{2D45AACA-4B1F-4841-BB39-097652197D74}.Debug|Any CPU.Build.0 = Debug|Any CPU
		{2D45AACA-4B1F-4841-BB39-097652197D74}.Release|Any CPU.ActiveCfg = Release|Any CPU
		{2D45AACA-4B1F-4841-BB39-097652197D74}.Release|Any CPU.Build.0 = Release|Any CPU
		{CD120C71-4F6A-49C1-9D84-03B00BF96ACA}.Debug|Any CPU.ActiveCfg = Debug|Any CPU
		{CD120C71-4F6A-49C1-9D84-03B00BF96ACA}.Debug|Any CPU.Build.0 = Debug|Any CPU
		{CD120C71-4F6A-49C1-9D84-03B00BF96ACA}.Release|Any CPU.ActiveCfg = Release|Any CPU
		{CD120C71-4F6A-49C1-9D84-03B00BF96ACA}.Release|Any CPU.Build.0 = Release|Any CPU
		{6FE56265-00FC-4F0C-8F90-7A5B6C1DE86E}.Debug|Any CPU.ActiveCfg = Debug|Any CPU
		{6FE56265-00FC-4F0C-8F90-7A5B6C1DE86E}.Debug|Any CPU.Build.0 = Debug|Any CPU
		{6FE56265-00FC-4F0C-8F90-7A5B6C1DE86E}.Release|Any CPU.ActiveCfg = Release|Any CPU
		{6FE56265-00FC-4F0C-8F90-7A5B6C1DE86E}.Release|Any CPU.Build.0 = Release|Any CPU
		{B4BA9C44-1A8D-4B39-B6C4-4093E53B537E}.Debug|Any CPU.ActiveCfg = Debug|Any CPU
		{B4BA9C44-1A8D-4B39-B6C4-4093E53B537E}.Debug|Any CPU.Build.0 = Debug|Any CPU
		{B4BA9C44-1A8D-4B39-B6C4-4093E53B537E}.Release|Any CPU.ActiveCfg = Release|Any CPU
		{B4BA9C44-1A8D-4B39-B6C4-4093E53B537E}.Release|Any CPU.Build.0 = Release|Any CPU
	EndGlobalSection
	GlobalSection(SolutionProperties) = preSolution
		HideSolutionNode = FALSE
	EndGlobalSection
	GlobalSection(ExtensibilityGlobals) = postSolution
		SolutionGuid = {B8BB14F2-76DA-403D-AE0D-517D5F991B96}
	EndGlobalSection
EndGlobal
